
Microsoft Visual Studio Solution File, Format Version 12.00
# Visual Studio Version 17
VisualStudioVersion = 17.14.36717.8
MinimumVisualStudioVersion = 10.0.40219.1
Project("{FAE04EC0-301F-11D3-BF4B-00C04F79EFBC}") = "VendingSystemAPI", "VendingSystemAPI\VendingSystemAPI.csproj", "{4B491056-6785-4362-BF4B-A5D8F00197F0}"
EndProject
Project("{FAE04EC0-301F-11D3-BF4B-00C04F79EFBC}") = "VendingSystemWPF", "VendingSystemWPF\VendingSystemWPF.csproj", "{0A64D9AB-AA46-4B2F-84A0-6C20389CE228}"
EndProject
Project("{FAE04EC0-301F-11D3-BF4B-00C04F79EFBC}") = "VendingSystemMobile", "VendingSystemMobile\VendingSystemMobile.csproj", "{40047B02-999E-4EBD-A919-DC6F90E87112}"
EndProject
Project("{FAE04EC0-301F-11D3-BF4B-00C04F79EFBC}") = "VendingSystemWeb", "VendingSystemWeb\VendingSystemWeb.csproj", "{AA26072F-C635-4D1E-A458-071DB9CDA6D4}"
EndProject
Project("{FAE04EC0-301F-11D3-BF4B-00C04F79EFBC}") = "VendingSystemTests", "VendingSystemTests\VendingSystemTests.csproj", "{004E1872-D381-4699-AC11-7A3ACA84615E}"
EndProject
Global
	GlobalSection(SolutionConfigurationPlatforms) = preSolution
		Debug|Any CPU = Debug|Any CPU
		Release|Any CPU = Release|Any CPU
	EndGlobalSection
	GlobalSection(ProjectConfigurationPlatforms) = postSolution
		{4B491056-6785-4362-BF4B-A5D8F00197F0}.Debug|Any CPU.ActiveCfg = Debug|Any CPU
		{4B491056-6785-4362-BF4B-A5D8F00197F0}.Debug|Any CPU.Build.0 = Debug|Any CPU
		{4B491056-6785-4362-BF4B-A5D8F00197F0}.Release|Any CPU.ActiveCfg = Release|Any CPU
		{4B491056-6785-4362-BF4B-A5D8F00197F0}.Release|Any CPU.Build.0 = Release|Any CPU
		{0A64D9AB-AA46-4B2F-84A0-6C20389CE228}.Debug|Any CPU.ActiveCfg = Debug|Any CPU
		{0A64D9AB-AA46-4B2F-84A0-6C20389CE228}.Debug|Any CPU.Build.0 = Debug|Any CPU
		{0A64D9AB-AA46-4B2F-84A0-6C20389CE228}.Release|Any CPU.ActiveCfg = Release|Any CPU
		{0A64D9AB-AA46-4B2F-84A0-6C20389CE228}.Release|Any CPU.Build.0 = Release|Any CPU
		{40047B02-999E-4EBD-A919-DC6F90E87112}.Debug|Any CPU.ActiveCfg = Debug|Any CPU
		{40047B02-999E-4EBD-A919-DC6F90E87112}.Debug|Any CPU.Build.0 = Debug|Any CPU
		{40047B02-999E-4EBD-A919-DC6F90E87112}.Debug|Any CPU.Deploy.0 = Debug|Any CPU
		{40047B02-999E-4EBD-A919-DC6F90E87112}.Release|Any CPU.ActiveCfg = Release|Any CPU
		{40047B02-999E-4EBD-A919-DC6F90E87112}.Release|Any CPU.Build.0 = Release|Any CPU
		{AA26072F-C635-4D1E-A458-071DB9CDA6D4}.Debug|Any CPU.ActiveCfg = Debug|Any CPU
		{AA26072F-C635-4D1E-A458-071DB9CDA6D4}.Debug|Any CPU.Build.0 = Debug|Any CPU
		{AA26072F-C635-4D1E-A458-071DB9CDA6D4}.Release|Any CPU.ActiveCfg = Release|Any CPU
		{AA26072F-C635-4D1E-A458-071DB9CDA6D4}.Release|Any CPU.Build.0 = Release|Any CPU
		{004E1872-D381-4699-AC11-7A3ACA84615E}.Debug|Any CPU.ActiveCfg = Debug|Any CPU
		{004E1872-D381-4699-AC11-7A3ACA84615E}.Debug|Any CPU.Build.0 = Debug|Any CPU
		{004E1872-D381-4699-AC11-7A3ACA84615E}.Release|Any CPU.ActiveCfg = Release|Any CPU
		{004E1872-D381-4699-AC11-7A3ACA84615E}.Release|Any CPU.Build.0 = Release|Any CPU
	EndGlobalSection
	GlobalSection(SolutionProperties) = preSolution
		HideSolutionNode = FALSE
	EndGlobalSection
	GlobalSection(ExtensibilityGlobals) = postSolution
		SolutionGuid = {D79F1D59-A1F2-4CD7-8E21-341DA6AFDAA5}
	EndGlobalSection
EndGlobal
